
Microsoft Visual Studio Solution File, Format Version 12.00
# Visual Studio Version 16
VisualStudioVersion = 16.0.28803.452
MinimumVisualStudioVersion = 10.0.40219.1
Project("{FAE04EC0-301F-11D3-BF4B-00C04F79EFBC}") = "FAP.Organizer.WPF", "FAP.Organizer.WPF\FAP.Organizer.WPF.csproj", "{214D5BE0-12F6-4EAC-B10B-44A7BF83EDCF}"
EndProject
Global
	GlobalSection(SolutionConfigurationPlatforms) = preSolution
		Debug|Any CPU = Debug|Any CPU
		Release|Any CPU = Release|Any CPU
	EndGlobalSection
	GlobalSection(ProjectConfigurationPlatforms) = postSolution
		{214D5BE0-12F6-4EAC-B10B-44A7BF83EDCF}.Debug|Any CPU.ActiveCfg = Debug|Any CPU
		{214D5BE0-12F6-4EAC-B10B-44A7BF83EDCF}.Debug|Any CPU.Build.0 = Debug|Any CPU
		{214D5BE0-12F6-4EAC-B10B-44A7BF83EDCF}.Release|Any CPU.ActiveCfg = Release|Any CPU
		{214D5BE0-12F6-4EAC-B10B-44A7BF83EDCF}.Release|Any CPU.Build.0 = Release|Any CPU
	EndGlobalSection
	GlobalSection(SolutionProperties) = preSolution
		HideSolutionNode = FALSE
	EndGlobalSection
	GlobalSection(ExtensibilityGlobals) = postSolution
		SolutionGuid = {BD39B536-844A-45CE-A027-8A3BA854853C}
	EndGlobalSection
EndGlobal
